
Microsoft Visual Studio Solution File, Format Version 12.00
# Visual Studio 15
VisualStudioVersion = 15.0.28307.102
MinimumVisualStudioVersion = 10.0.40219.1
Project("{FAE04EC0-301F-11D3-BF4B-00C04F79EFBC}") = "AdventOfCode2017", "AdventOfCode2017\AdventOfCode2017.csproj", "{49C8A67C-D94C-4CFB-B7FB-C19A1A83CA66}"
EndProject
Project("{FAE04EC0-301F-11D3-BF4B-00C04F79EFBC}") = "AdventOfCode2017.Tests", "AdventOfCode2017.Tests\AdventOfCode2017.Tests.csproj", "{3537CE59-1C57-481B-85F7-3F2A1F0EDE1D}"
EndProject
Global
	GlobalSection(SolutionConfigurationPlatforms) = preSolution
		Debug|Any CPU = Debug|Any CPU
		Release|Any CPU = Release|Any CPU
	EndGlobalSection
	GlobalSection(ProjectConfigurationPlatforms) = postSolution
		{49C8A67C-D94C-4CFB-B7FB-C19A1A83CA66}.Debug|Any CPU.ActiveCfg = Debug|Any CPU
		{49C8A67C-D94C-4CFB-B7FB-C19A1A83CA66}.Debug|Any CPU.Build.0 = Debug|Any CPU
		{49C8A67C-D94C-4CFB-B7FB-C19A1A83CA66}.Release|Any CPU.ActiveCfg = Release|Any CPU
		{49C8A67C-D94C-4CFB-B7FB-C19A1A83CA66}.Release|Any CPU.Build.0 = Release|Any CPU
		{3537CE59-1C57-481B-85F7-3F2A1F0EDE1D}.Debug|Any CPU.ActiveCfg = Debug|Any CPU
		{3537CE59-1C57-481B-85F7-3F2A1F0EDE1D}.Debug|Any CPU.Build.0 = Debug|Any CPU
		{3537CE59-1C57-481B-85F7-3F2A1F0EDE1D}.Release|Any CPU.ActiveCfg = Release|Any CPU
		{3537CE59-1C57-481B-85F7-3F2A1F0EDE1D}.Release|Any CPU.Build.0 = Release|Any CPU
	EndGlobalSection
	GlobalSection(SolutionProperties) = preSolution
		HideSolutionNode = FALSE
	EndGlobalSection
	GlobalSection(ExtensibilityGlobals) = postSolution
		SolutionGuid = {1D80D845-47C9-4610-BA3D-DCAAAD773CA1}
	EndGlobalSection
EndGlobal
